// !$*UTF8*$!
{
	archiveVersion = 1;
	classes = {
	};
	objectVersion = 55;
	objects = {

/* Begin PBXBuildFile section */
		19BC26A4273E5BA8003D4E38 /* xcuitest_sampleApp.swift in Sources */ = {isa = PBXBuildFile; fileRef = 19BC26A3273E5BA8003D4E38 /* xcuitest_sampleApp.swift */; };
		19BC26A6273E5BA8003D4E38 /* ContentView.swift in Sources */ = {isa = PBXBuildFile; fileRef = 19BC26A5273E5BA8003D4E38 /* ContentView.swift */; };
		19BC26A8273E5BA8003D4E38 /* Assets.xcassets in Resources */ = {isa = PBXBuildFile; fileRef = 19BC26A7273E5BA8003D4E38 /* Assets.xcassets */; };
		19BC26AB273E5BA8003D4E38 /* Preview Assets.xcassets in Resources */ = {isa = PBXBuildFile; fileRef = 19BC26AA273E5BA8003D4E38 /* Preview Assets.xcassets */; };
		19BC26BF273E5BA9003D4E38 /* xcuitest_sampleUITests.swift in Sources */ = {isa = PBXBuildFile; fileRef = 19BC26BE273E5BA9003D4E38 /* xcuitest_sampleUITests.swift */; };
/* End PBXBuildFile section */

/* Begin PBXContainerItemProxy section */
		19BC26BB273E5BA9003D4E38 /* PBXContainerItemProxy */ = {
			isa = PBXContainerItemProxy;
			containerPortal = 19BC2698273E5BA7003D4E38 /* Project object */;
			proxyType = 1;
			remoteGlobalIDString = 19BC269F273E5BA7003D4E38;
			remoteInfo = "xcuitest-sample";
		};
/* End PBXContainerItemProxy section */

/* Begin PBXFileReference section */
		19BC26A0273E5BA7003D4E38 /* xcuitest-sample.app */ = {isa = PBXFileReference; explicitFileType = wrapper.application; includeInIndex = 0; path = "xcuitest-sample.app"; sourceTree = BUILT_PRODUCTS_DIR; };
		19BC26A3273E5BA8003D4E38 /* xcuitest_sampleApp.swift */ = {isa = PBXFileReference; lastKnownFileType = sourcecode.swift; path = xcuitest_sampleApp.swift; sourceTree = "<group>"; };
		19BC26A5273E5BA8003D4E38 /* ContentView.swift */ = {isa = PBXFileReference; lastKnownFileType = sourcecode.swift; path = ContentView.swift; sourceTree = "<group>"; };
		19BC26A7273E5BA8003D4E38 /* Assets.xcassets */ = {isa = PBXFileReference; lastKnownFileType = folder.assetcatalog; path = Assets.xcassets; sourceTree = "<group>"; };
		19BC26AA273E5BA8003D4E38 /* Preview Assets.xcassets */ = {isa = PBXFileReference; lastKnownFileType = folder.assetcatalog; path = "Preview Assets.xcassets"; sourceTree = "<group>"; };
		19BC26BA273E5BA9003D4E38 /* xcuitest-sampleUITests.xctest */ = {isa = PBXFileReference; explicitFileType = wrapper.cfbundle; includeInIndex = 0; path = "xcuitest-sampleUITests.xctest"; sourceTree = BUILT_PRODUCTS_DIR; };
		19BC26BE273E5BA9003D4E38 /* xcuitest_sampleUITests.swift */ = {isa = PBXFileReference; lastKnownFileType = sourcecode.swift; path = xcuitest_sampleUITests.swift; sourceTree = "<group>"; };
/* End PBXFileReference section */

/* Begin PBXFrameworksBuildPhase section */
		19BC269D273E5BA7003D4E38 /* Frameworks */ = {
			isa = PBXFrameworksBuildPhase;
			buildActionMask = 2147483647;
			files = (
			);
			runOnlyForDeploymentPostprocessing = 0;
		};
		19BC26B7273E5BA9003D4E38 /* Frameworks */ = {
			isa = PBXFrameworksBuildPhase;
			buildActionMask = 2147483647;
			files = (
			);
			runOnlyForDeploymentPostprocessing = 0;
		};
/* End PBXFrameworksBuildPhase section */

/* Begin PBXGroup section */
		19BC2697273E5BA7003D4E38 = {
			isa = PBXGroup;
			children = (
				19BC26A2273E5BA7003D4E38 /* xcuitest-sample */,
				19BC26BD273E5BA9003D4E38 /* xcuitest-sampleUITests */,
				19BC26A1273E5BA7003D4E38 /* Products */,
			);
			sourceTree = "<group>";
		};
		19BC26A1273E5BA7003D4E38 /* Products */ = {
			isa = PBXGroup;
			children = (
				19BC26A0273E5BA7003D4E38 /* xcuitest-sample.app */,
				19BC26BA273E5BA9003D4E38 /* xcuitest-sampleUITests.xctest */,
			);
			name = Products;
			sourceTree = "<group>";
		};
		19BC26A2273E5BA7003D4E38 /* xcuitest-sample */ = {
			isa = PBXGroup;
			children = (
				19BC26A3273E5BA8003D4E38 /* xcuitest_sampleApp.swift */,
				19BC26A5273E5BA8003D4E38 /* ContentView.swift */,
				19BC26A7273E5BA8003D4E38 /* Assets.xcassets */,
				19BC26A9273E5BA8003D4E38 /* Preview Content */,
			);
			path = "xcuitest-sample";
			sourceTree = "<group>";
		};
		19BC26A9273E5BA8003D4E38 /* Preview Content */ = {
			isa = PBXGroup;
			children = (
				19BC26AA273E5BA8003D4E38 /* Preview Assets.xcassets */,
			);
			path = "Preview Content";
			sourceTree = "<group>";
		};
		19BC26BD273E5BA9003D4E38 /* xcuitest-sampleUITests */ = {
			isa = PBXGroup;
			children = (
				19BC26BE273E5BA9003D4E38 /* xcuitest_sampleUITests.swift */,
			);
			path = "xcuitest-sampleUITests";
			sourceTree = "<group>";
		};
/* End PBXGroup section */

/* Begin PBXNativeTarget section */
		19BC269F273E5BA7003D4E38 /* xcuitest-sample */ = {
			isa = PBXNativeTarget;
			buildConfigurationList = 19BC26C4273E5BA9003D4E38 /* Build configuration list for PBXNativeTarget "xcuitest-sample" */;
			buildPhases = (
				19BC269C273E5BA7003D4E38 /* Sources */,
				19BC269D273E5BA7003D4E38 /* Frameworks */,
				19BC269E273E5BA7003D4E38 /* Resources */,
			);
			buildRules = (
			);
			dependencies = (
			);
			name = "xcuitest-sample";
			productName = "xcuitest-sample";
			productReference = 19BC26A0273E5BA7003D4E38 /* xcuitest-sample.app */;
			productType = "com.apple.product-type.application";
		};
		19BC26B9273E5BA9003D4E38 /* xcuitest-sampleUITests */ = {
			isa = PBXNativeTarget;
			buildConfigurationList = 19BC26CA273E5BA9003D4E38 /* Build configuration list for PBXNativeTarget "xcuitest-sampleUITests" */;
			buildPhases = (
				19BC26B6273E5BA9003D4E38 /* Sources */,
				19BC26B7273E5BA9003D4E38 /* Frameworks */,
				19BC26B8273E5BA9003D4E38 /* Resources */,
			);
			buildRules = (
			);
			dependencies = (
				19BC26BC273E5BA9003D4E38 /* PBXTargetDependency */,
			);
			name = "xcuitest-sampleUITests";
			productName = "xcuitest-sampleUITests";
			productReference = 19BC26BA273E5BA9003D4E38 /* xcuitest-sampleUITests.xctest */;
			productType = "com.apple.product-type.bundle.ui-testing";
		};
/* End PBXNativeTarget section */

/* Begin PBXProject section */
		19BC2698273E5BA7003D4E38 /* Project object */ = {
			isa = PBXProject;
			attributes = {
				BuildIndependentTargetsInParallel = 1;
				LastSwiftUpdateCheck = 1300;
				LastUpgradeCheck = 1300;
				TargetAttributes = {
					19BC269F273E5BA7003D4E38 = {
						CreatedOnToolsVersion = 13.0;
					};
					19BC26B9273E5BA9003D4E38 = {
						CreatedOnToolsVersion = 13.0;
						TestTargetID = 19BC269F273E5BA7003D4E38;
					};
				};
			};
			buildConfigurationList = 19BC269B273E5BA7003D4E38 /* Build configuration list for PBXProject "xcuitest-sample" */;
			compatibilityVersion = "Xcode 13.0";
			developmentRegion = en;
			hasScannedForEncodings = 0;
			knownRegions = (
				en,
				Base,
			);
			mainGroup = 19BC2697273E5BA7003D4E38;
			productRefGroup = 19BC26A1273E5BA7003D4E38 /* Products */;
			projectDirPath = "";
			projectRoot = "";
			targets = (
				19BC269F273E5BA7003D4E38 /* xcuitest-sample */,
				19BC26B9273E5BA9003D4E38 /* xcuitest-sampleUITests */,
			);
		};
/* End PBXProject section */

/* Begin PBXResourcesBuildPhase section */
		19BC269E273E5BA7003D4E38 /* Resources */ = {
			isa = PBXResourcesBuildPhase;
			buildActionMask = 2147483647;
			files = (
				19BC26AB273E5BA8003D4E38 /* Preview Assets.xcassets in Resources */,
				19BC26A8273E5BA8003D4E38 /* Assets.xcassets in Resources */,
			);
			runOnlyForDeploymentPostprocessing = 0;
		};
		19BC26B8273E5BA9003D4E38 /* Resources */ = {
			isa = PBXResourcesBuildPhase;
			buildActionMask = 2147483647;
			files = (
			);
			runOnlyForDeploymentPostprocessing = 0;
		};
/* End PBXResourcesBuildPhase section */

/* Begin PBXSourcesBuildPhase section */
		19BC269C273E5BA7003D4E38 /* Sources */ = {
			isa = PBXSourcesBuildPhase;
			buildActionMask = 2147483647;
			files = (
				19BC26A6273E5BA8003D4E38 /* ContentView.swift in Sources */,
				19BC26A4273E5BA8003D4E38 /* xcuitest_sampleApp.swift in Sources */,
			);
			runOnlyForDeploymentPostprocessing = 0;
		};
		19BC26B6273E5BA9003D4E38 /* Sources */ = {
			isa = PBXSourcesBuildPhase;
			buildActionMask = 2147483647;
			files = (
				19BC26BF273E5BA9003D4E38 /* xcuitest_sampleUITests.swift in Sources */,
			);
			runOnlyForDeploymentPostprocessing = 0;
		};
/* End PBXSourcesBuildPhase section */

/* Begin PBXTargetDependency section */
		19BC26BC273E5BA9003D4E38 /* PBXTargetDependency */ = {
			isa = PBXTargetDependency;
			target = 19BC269F273E5BA7003D4E38 /* xcuitest-sample */;
			targetProxy = 19BC26BB273E5BA9003D4E38 /* PBXContainerItemProxy */;
		};
/* End PBXTargetDependency section */

/* Begin XCBuildConfiguration section */
		19BC26C2273E5BA9003D4E38 /* Debug */ = {
			isa = XCBuildConfiguration;
			buildSettings = {
				ALWAYS_SEARCH_USER_PATHS = NO;
				CLANG_ANALYZER_NONNULL = YES;
				CLANG_ANALYZER_NUMBER_OBJECT_CONVERSION = YES_AGGRESSIVE;
				CLANG_CXX_LANGUAGE_STANDARD = "gnu++17";
				CLANG_CXX_LIBRARY = "libc++";
				CLANG_ENABLE_MODULES = YES;
				CLANG_ENABLE_OBJC_ARC = YES;
				CLANG_ENABLE_OBJC_WEAK = YES;
				CLANG_WARN_BLOCK_CAPTURE_AUTORELEASING = YES;
				CLANG_WARN_BOOL_CONVERSION = YES;
				CLANG_WARN_COMMA = YES;
				CLANG_WARN_CONSTANT_CONVERSION = YES;
				CLANG_WARN_DEPRECATED_OBJC_IMPLEMENTATIONS = YES;
				CLANG_WARN_DIRECT_OBJC_ISA_USAGE = YES_ERROR;
				CLANG_WARN_DOCUMENTATION_COMMENTS = YES;
				CLANG_WARN_EMPTY_BODY = YES;
				CLANG_WARN_ENUM_CONVERSION = YES;
				CLANG_WARN_INFINITE_RECURSION = YES;
				CLANG_WARN_INT_CONVERSION = YES;
				CLANG_WARN_NON_LITERAL_NULL_CONVERSION = YES;
				CLANG_WARN_OBJC_IMPLICIT_RETAIN_SELF = YES;
				CLANG_WARN_OBJC_LITERAL_CONVERSION = YES;
				CLANG_WARN_OBJC_ROOT_CLASS = YES_ERROR;
				CLANG_WARN_QUOTED_INCLUDE_IN_FRAMEWORK_HEADER = YES;
				CLANG_WARN_RANGE_LOOP_ANALYSIS = YES;
				CLANG_WARN_STRICT_PROTOTYPES = YES;
				CLANG_WARN_SUSPICIOUS_MOVE = YES;
				CLANG_WARN_UNGUARDED_AVAILABILITY = YES_AGGRESSIVE;
				CLANG_WARN_UNREACHABLE_CODE = YES;
				CLANG_WARN__DUPLICATE_METHOD_MATCH = YES;
				COPY_PHASE_STRIP = NO;
				DEBUG_INFORMATION_FORMAT = dwarf;
				ENABLE_STRICT_OBJC_MSGSEND = YES;
				ENABLE_TESTABILITY = YES;
				GCC_C_LANGUAGE_STANDARD = gnu11;
				GCC_DYNAMIC_NO_PIC = NO;
				GCC_NO_COMMON_BLOCKS = YES;
				GCC_OPTIMIZATION_LEVEL = 0;
				GCC_PREPROCESSOR_DEFINITIONS = (
					"DEBUG=1",
					"$(inherited)",
				);
				GCC_WARN_64_TO_32_BIT_CONVERSION = YES;
				GCC_WARN_ABOUT_RETURN_TYPE = YES_ERROR;
				GCC_WARN_UNDECLARED_SELECTOR = YES;
				GCC_WARN_UNINITIALIZED_AUTOS = YES_AGGRESSIVE;
				GCC_WARN_UNUSED_FUNCTION = YES;
				GCC_WARN_UNUSED_VARIABLE = YES;
				IPHONEOS_DEPLOYMENT_TARGET = 15.0;
				MTL_ENABLE_DEBUG_INFO = INCLUDE_SOURCE;
				MTL_FAST_MATH = YES;
				ONLY_ACTIVE_ARCH = YES;
				SDKROOT = iphoneos;
				SWIFT_ACTIVE_COMPILATION_CONDITIONS = DEBUG;
				SWIFT_OPTIMIZATION_LEVEL = "-Onone";
			};
			name = Debug;
		};
		19BC26C3273E5BA9003D4E38 /* Release */ = {
			isa = XCBuildConfiguration;
			buildSettings = {
				ALWAYS_SEARCH_USER_PATHS = NO;
				CLANG_ANALYZER_NONNULL = YES;
				CLANG_ANALYZER_NUMBER_OBJECT_CONVERSION = YES_AGGRESSIVE;
				CLANG_CXX_LANGUAGE_STANDARD = "gnu++17";
				CLANG_CXX_LIBRARY = "libc++";
				CLANG_ENABLE_MODULES = YES;
				CLANG_ENABLE_OBJC_ARC = YES;
				CLANG_ENABLE_OBJC_WEAK = YES;
				CLANG_WARN_BLOCK_CAPTURE_AUTORELEASING = YES;
				CLANG_WARN_BOOL_CONVERSION = YES;
				CLANG_WARN_COMMA = YES;
				CLANG_WARN_CONSTANT_CONVERSION = YES;
				CLANG_WARN_DEPRECATED_OBJC_IMPLEMENTATIONS = YES;
				CLANG_WARN_DIRECT_OBJC_ISA_USAGE = YES_ERROR;
				CLANG_WARN_DOCUMENTATION_COMMENTS = YES;
				CLANG_WARN_EMPTY_BODY = YES;
				CLANG_WARN_ENUM_CONVERSION = YES;
				CLANG_WARN_INFINITE_RECURSION = YES;
				CLANG_WARN_INT_CONVERSION = YES;
				CLANG_WARN_NON_LITERAL_NULL_CONVERSION = YES;
				CLANG_WARN_OBJC_IMPLICIT_RETAIN_SELF = YES;
				CLANG_WARN_OBJC_LITERAL_CONVERSION = YES;
				CLANG_WARN_OBJC_ROOT_CLASS = YES_ERROR;
				CLANG_WARN_QUOTED_INCLUDE_IN_FRAMEWORK_HEADER = YES;
				CLANG_WARN_RANGE_LOOP_ANALYSIS = YES;
				CLANG_WARN_STRICT_PROTOTYPES = YES;
				CLANG_WARN_SUSPICIOUS_MOVE = YES;
				CLANG_WARN_UNGUARDED_AVAILABILITY = YES_AGGRESSIVE;
				CLANG_WARN_UNREACHABLE_CODE = YES;
				CLANG_WARN__DUPLICATE_METHOD_MATCH = YES;
				COPY_PHASE_STRIP = NO;
				DEBUG_INFORMATION_FORMAT = "dwarf-with-dsym";
				ENABLE_NS_ASSERTIONS = NO;
				ENABLE_STRICT_OBJC_MSGSEND = YES;
				GCC_C_LANGUAGE_STANDARD = gnu11;
				GCC_NO_COMMON_BLOCKS = YES;
				GCC_WARN_64_TO_32_BIT_CONVERSION = YES;
				GCC_WARN_ABOUT_RETURN_TYPE = YES_ERROR;
				GCC_WARN_UNDECLARED_SELECTOR = YES;
				GCC_WARN_UNINITIALIZED_AUTOS = YES_AGGRESSIVE;
				GCC_WARN_UNUSED_FUNCTION = YES;
				GCC_WARN_UNUSED_VARIABLE = YES;
				IPHONEOS_DEPLOYMENT_TARGET = 15.0;
				MTL_ENABLE_DEBUG_INFO = NO;
				MTL_FAST_MATH = YES;
				SDKROOT = iphoneos;
				SWIFT_COMPILATION_MODE = wholemodule;
				SWIFT_OPTIMIZATION_LEVEL = "-O";
				VALIDATE_PRODUCT = YES;
			};
			name = Release;
		};
		19BC26C5273E5BA9003D4E38 /* Debug */ = {
			isa = XCBuildConfiguration;
			buildSettings = {
				ASSETCATALOG_COMPILER_APPICON_NAME = AppIcon;
				ASSETCATALOG_COMPILER_GLOBAL_ACCENT_COLOR_NAME = AccentColor;
				CODE_SIGN_STYLE = Automatic;
				CURRENT_PROJECT_VERSION = 1;
				DEVELOPMENT_ASSET_PATHS = "\"xcuitest-sample/Preview Content\"";
				DEVELOPMENT_TEAM = 53G4A9W6JP;
				ENABLE_PREVIEWS = YES;
				GENERATE_INFOPLIST_FILE = YES;
				INFOPLIST_KEY_UIApplicationSceneManifest_Generation = YES;
				INFOPLIST_KEY_UIApplicationSupportsIndirectInputEvents = YES;
				INFOPLIST_KEY_UILaunchScreen_Generation = YES;
				INFOPLIST_KEY_UISupportedInterfaceOrientations_iPad = "UIInterfaceOrientationPortrait UIInterfaceOrientationPortraitUpsideDown UIInterfaceOrientationLandscapeLeft UIInterfaceOrientationLandscapeRight";
				INFOPLIST_KEY_UISupportedInterfaceOrientations_iPhone = "UIInterfaceOrientationPortrait UIInterfaceOrientationLandscapeLeft UIInterfaceOrientationLandscapeRight";
				IPHONEOS_DEPLOYMENT_TARGET = 14.0;
				LD_RUNPATH_SEARCH_PATHS = (
					"$(inherited)",
					"@executable_path/Frameworks",
				);
				MARKETING_VERSION = 1.0;
				PRODUCT_BUNDLE_IDENTIFIER = "tb.xcuitest-sample";
				PRODUCT_NAME = "$(TARGET_NAME)";
				SWIFT_EMIT_LOC_STRINGS = YES;
				SWIFT_VERSION = 5.0;
				TARGETED_DEVICE_FAMILY = "1,2";
			};
			name = Debug;
		};
		19BC26C6273E5BA9003D4E38 /* Release */ = {
			isa = XCBuildConfiguration;
			buildSettings = {
				ASSETCATALOG_COMPILER_APPICON_NAME = AppIcon;
				ASSETCATALOG_COMPILER_GLOBAL_ACCENT_COLOR_NAME = AccentColor;
				CODE_SIGN_STYLE = Automatic;
				CURRENT_PROJECT_VERSION = 1;
				DEVELOPMENT_ASSET_PATHS = "\"xcuitest-sample/Preview Content\"";
				DEVELOPMENT_TEAM = 53G4A9W6JP;
				ENABLE_PREVIEWS = YES;
				GENERATE_INFOPLIST_FILE = YES;
				INFOPLIST_KEY_UIApplicationSceneManifest_Generation = YES;
				INFOPLIST_KEY_UIApplicationSupportsIndirectInputEvents = YES;
				INFOPLIST_KEY_UILaunchScreen_Generation = YES;
				INFOPLIST_KEY_UISupportedInterfaceOrientations_iPad = "UIInterfaceOrientationPortrait UIInterfaceOrientationPortraitUpsideDown UIInterfaceOrientationLandscapeLeft UIInterfaceOrientationLandscapeRight";
				INFOPLIST_KEY_UISupportedInterfaceOrientations_iPhone = "UIInterfaceOrientationPortrait UIInterfaceOrientationLandscapeLeft UIInterfaceOrientationLandscapeRight";
				IPHONEOS_DEPLOYMENT_TARGET = 14.0;
				LD_RUNPATH_SEARCH_PATHS = (
					"$(inherited)",
					"@executable_path/Frameworks",
				);
				MARKETING_VERSION = 1.0;
				PRODUCT_BUNDLE_IDENTIFIER = "tb.xcuitest-sample";
				PRODUCT_NAME = "$(TARGET_NAME)";
				SWIFT_EMIT_LOC_STRINGS = YES;
				SWIFT_VERSION = 5.0;
				TARGETED_DEVICE_FAMILY = "1,2";
			};
			name = Release;
		};
		19BC26CB273E5BA9003D4E38 /* Debug */ = {
			isa = XCBuildConfiguration;
			buildSettings = {
				ALWAYS_EMBED_SWIFT_STANDARD_LIBRARIES = YES;
				CODE_SIGN_STYLE = Automatic;
				CURRENT_PROJECT_VERSION = 1;
				DEVELOPMENT_TEAM = 53G4A9W6JP;
				GENERATE_INFOPLIST_FILE = YES;
				LD_RUNPATH_SEARCH_PATHS = (
					"$(inherited)",
					"@executable_path/Frameworks",
					"@loader_path/Frameworks",
				);
				MARKETING_VERSION = 1.0;
				PRODUCT_BUNDLE_IDENTIFIER = "tb.xcuitest-sampleUITests";
				PRODUCT_NAME = "$(TARGET_NAME)";
				SWIFT_EMIT_LOC_STRINGS = NO;
				SWIFT_VERSION = 5.0;
				TARGETED_DEVICE_FAMILY = "1,2";
				TEST_TARGET_NAME = "xcuitest-sample";
			};
			name = Debug;
		};
		19BC26CC273E5BA9003D4E38 /* Release */ = {
			isa = XCBuildConfiguration;
			buildSettings = {
				ALWAYS_EMBED_SWIFT_STANDARD_LIBRARIES = YES;
				CODE_SIGN_STYLE = Automatic;
				CURRENT_PROJECT_VERSION = 1;
				DEVELOPMENT_TEAM = 53G4A9W6JP;
				GENERATE_INFOPLIST_FILE = YES;
				LD_RUNPATH_SEARCH_PATHS = (
					"$(inherited)",
					"@executable_path/Frameworks",
					"@loader_path/Frameworks",
				);
				MARKETING_VERSION = 1.0;
				PRODUCT_BUNDLE_IDENTIFIER = "tb.xcuitest-sampleUITests";
				PRODUCT_NAME = "$(TARGET_NAME)";
				SWIFT_EMIT_LOC_STRINGS = NO;
				SWIFT_VERSION = 5.0;
				TARGETED_DEVICE_FAMILY = "1,2";
				TEST_TARGET_NAME = "xcuitest-sample";
			};
			name = Release;
		};
/* End XCBuildConfiguration section */

/* Begin XCConfigurationList section */
		19BC269B273E5BA7003D4E38 /* Build configuration list for PBXProject "xcuitest-sample" */ = {
			isa = XCConfigurationList;
			buildConfigurations = (
				19BC26C2273E5BA9003D4E38 /* Debug */,
				19BC26C3273E5BA9003D4E38 /* Release */,
			);
			defaultConfigurationIsVisible = 0;
			defaultConfigurationName = Release;
		};
		19BC26C4273E5BA9003D4E38 /* Build configuration list for PBXNativeTarget "xcuitest-sample" */ = {
			isa = XCConfigurationList;
			buildConfigurations = (
				19BC26C5273E5BA9003D4E38 /* Debug */,
				19BC26C6273E5BA9003D4E38 /* Release */,
			);
			defaultConfigurationIsVisible = 0;
			defaultConfigurationName = Release;
		};
		19BC26CA273E5BA9003D4E38 /* Build configuration list for PBXNativeTarget "xcuitest-sampleUITests" */ = {
			isa = XCConfigurationList;
			buildConfigurations = (
				19BC26CB273E5BA9003D4E38 /* Debug */,
				19BC26CC273E5BA9003D4E38 /* Release */,
			);
			defaultConfigurationIsVisible = 0;
			defaultConfigurationName = Release;
		};
/* End XCConfigurationList section */
	};
	rootObject = 19BC2698273E5BA7003D4E38 /* Project object */;
}
